Microsoft Visual Studio Solution File, Format Version 12.00
# Visual Studio Version 17
VisualStudioVersion = 17.5.2.0
MinimumVisualStudioVersion = 10.0.40219.1
Project("{FAE04EC0-301F-11D3-BF4B-00C04F79EFBC}") = "pokearcanumbe", "pokearcanumbe.csproj", "{4FA7512C-E0C9-0925-6450-4958A7C43A9C}"
EndProject
Global
	GlobalSection(SolutionConfigurationPlatforms) = preSolution
		Debug|Any CPU = Debug|Any CPU
		Release|Any CPU = Release|Any CPU
	EndGlobalSection
	GlobalSection(ProjectConfigurationPlatforms) = postSolution
		{4FA7512C-E0C9-0925-6450-4958A7C43A9C}.Debug|Any CPU.ActiveCfg = Debug|Any CPU
		{4FA7512C-E0C9-0925-6450-4958A7C43A9C}.Debug|Any CPU.Build.0 = Debug|Any CPU
		{4FA7512C-E0C9-0925-6450-4958A7C43A9C}.Release|Any CPU.ActiveCfg = Release|Any CPU
		{4FA7512C-E0C9-0925-6450-4958A7C43A9C}.Release|Any CPU.Build.0 = Release|Any CPU
	EndGlobalSection
	GlobalSection(SolutionProperties) = preSolution
		HideSolutionNode = FALSE
	EndGlobalSection
	GlobalSection(ExtensibilityGlobals) = postSolution
		SolutionGuid = {B11F48D4-5642-4BA8-841F-5F916165B23D}
	EndGlobalSection
EndGlobal
